
Microsoft Visual Studio Solution File, Format Version 12.00
# Visual Studio Version 16
VisualStudioVersion = 16.0.29609.76
MinimumVisualStudioVersion = 10.0.40219.1
Project("{2150E333-8FDC-42A3-9474-1A3956D46DE8}") = "Solution Items", "Solution Items", "{5C2CFA4A-3769-481F-8B14-A5A20094F830}"
	ProjectSection(SolutionItems) = preProject
		notes.txt = notes.txt
	EndProjectSection
EndProject
Project("{9A19103F-16F7-4668-BE54-9A1E7A4F7556}") = "LettingsManager.WebSite", "LettingsManager.WebSite\LettingsManager.WebSite.csproj", "{72CA965A-BA51-497C-BB27-431D5FE56933}"
EndProject
Project("{9A19103F-16F7-4668-BE54-9A1E7A4F7556}") = "BlazorManageLettings", "BlazorManageLettings\BlazorManageLettings.csproj", "{9535B266-FE2C-403A-A128-6E06A957077D}"
EndProject
Project("{9A19103F-16F7-4668-BE54-9A1E7A4F7556}") = "LettingsPWA", "LettingsPWA\LettingsPWA.csproj", "{CBC68276-4C9A-475C-A4C6-48ABA950CC26}"
EndProject
Global
	GlobalSection(SolutionConfigurationPlatforms) = preSolution
		Debug|Any CPU = Debug|Any CPU
		Release|Any CPU = Release|Any CPU
	EndGlobalSection
	GlobalSection(ProjectConfigurationPlatforms) = postSolution
		{72CA965A-BA51-497C-BB27-431D5FE56933}.Debug|Any CPU.ActiveCfg = Debug|Any CPU
		{72CA965A-BA51-497C-BB27-431D5FE56933}.Debug|Any CPU.Build.0 = Debug|Any CPU
		{72CA965A-BA51-497C-BB27-431D5FE56933}.Release|Any CPU.ActiveCfg = Release|Any CPU
		{72CA965A-BA51-497C-BB27-431D5FE56933}.Release|Any CPU.Build.0 = Release|Any CPU
		{9535B266-FE2C-403A-A128-6E06A957077D}.Debug|Any CPU.ActiveCfg = Debug|Any CPU
		{9535B266-FE2C-403A-A128-6E06A957077D}.Debug|Any CPU.Build.0 = Debug|Any CPU
		{9535B266-FE2C-403A-A128-6E06A957077D}.Release|Any CPU.ActiveCfg = Release|Any CPU
		{9535B266-FE2C-403A-A128-6E06A957077D}.Release|Any CPU.Build.0 = Release|Any CPU
		{CBC68276-4C9A-475C-A4C6-48ABA950CC26}.Debug|Any CPU.ActiveCfg = Debug|Any CPU
		{CBC68276-4C9A-475C-A4C6-48ABA950CC26}.Debug|Any CPU.Build.0 = Debug|Any CPU
		{CBC68276-4C9A-475C-A4C6-48ABA950CC26}.Release|Any CPU.ActiveCfg = Release|Any CPU
		{CBC68276-4C9A-475C-A4C6-48ABA950CC26}.Release|Any CPU.Build.0 = Release|Any CPU
	EndGlobalSection
	GlobalSection(SolutionProperties) = preSolution
		HideSolutionNode = FALSE
	EndGlobalSection
	GlobalSection(ExtensibilityGlobals) = postSolution
		SolutionGuid = {77B6EE7A-95EE-437C-9EDC-D1BF5EC31219}
	EndGlobalSection
EndGlobal
